PODS:
  - Alamofire (5.7.1)
  - Realm (10.45.1):
    - Realm/Headers (= 10.45.1)
  - Realm/Headers (10.45.1)
  - RealmSwift (10.45.1):
    - Realm (= 10.45.1)

DEPENDENCIES:
  - Alamofire
  - RealmSwift

SPEC REPOS:
  trunk:
    - Alamofire
    - Realm
    - RealmSwift

SPEC CHECKSUMS:
  Alamofire: 0123a34370cb170936ae79a8df46cc62b2edeb88
  Realm: e0bee0f167c0165312d80cb0def019fdb6a26be8
  RealmSwift: 2a92c510fee3dace3e0ad809c2f10c6a6a4b65d5

PODFILE CHECKSUM: 8b3ee902f2f4e17e1b6d3238df70cac7473fd384

COCOAPODS: 1.12.1
